
Microsoft Visual Studio Solution File, Format Version 12.00
# Visual Studio Version 17
VisualStudioVersion = 17.3.32922.545
MinimumVisualStudioVersion = 10.0.40219.1
Project("{FAE04EC0-301F-11D3-BF4B-00C04F79EFBC}") = "Core", "Core\Core.csproj", "{6A8BC47B-4C55-4491-8DCE-9ACBEFCEFC7C}"
EndProject
Project("{FAE04EC0-301F-11D3-BF4B-00C04F79EFBC}") = "Entites", "Entites\Entites.csproj", "{1294E448-26BF-4FB9-806C-F22ABDF2B525}"
EndProject
Project("{FAE04EC0-301F-11D3-BF4B-00C04F79EFBC}") = "TestUI For Dapper", "TestUI\TestUI For Dapper.csproj", "{E786F4A3-EAEF-4C11-A7D3-CB7ACCF22AC0}"
EndProject
Project("{FAE04EC0-301F-11D3-BF4B-00C04F79EFBC}") = "TestUI For EntityFramework", "TestUI For EntityFramework\TestUI For EntityFramework.csproj", "{D03EC61A-D55B-4E81-839B-46F266BAC853}"
EndProject
Global
	GlobalSection(SolutionConfigurationPlatforms) = preSolution
		Debug|Any CPU = Debug|Any CPU
		Release|Any CPU = Release|Any CPU
	EndGlobalSection
	GlobalSection(ProjectConfigurationPlatforms) = postSolution
		{6A8BC47B-4C55-4491-8DCE-9ACBEFCEFC7C}.Debug|Any CPU.ActiveCfg = Debug|Any CPU
		{6A8BC47B-4C55-4491-8DCE-9ACBEFCEFC7C}.Debug|Any CPU.Build.0 = Debug|Any CPU
		{6A8BC47B-4C55-4491-8DCE-9ACBEFCEFC7C}.Release|Any CPU.ActiveCfg = Release|Any CPU
		{6A8BC47B-4C55-4491-8DCE-9ACBEFCEFC7C}.Release|Any CPU.Build.0 = Release|Any CPU
		{1294E448-26BF-4FB9-806C-F22ABDF2B525}.Debug|Any CPU.ActiveCfg = Debug|Any CPU
		{1294E448-26BF-4FB9-806C-F22ABDF2B525}.Debug|Any CPU.Build.0 = Debug|Any CPU
		{1294E448-26BF-4FB9-806C-F22ABDF2B525}.Release|Any CPU.ActiveCfg = Release|Any CPU
		{1294E448-26BF-4FB9-806C-F22ABDF2B525}.Release|Any CPU.Build.0 = Release|Any CPU
		{E786F4A3-EAEF-4C11-A7D3-CB7ACCF22AC0}.Debug|Any CPU.ActiveCfg = Debug|Any CPU
		{E786F4A3-EAEF-4C11-A7D3-CB7ACCF22AC0}.Debug|Any CPU.Build.0 = Debug|Any CPU
		{E786F4A3-EAEF-4C11-A7D3-CB7ACCF22AC0}.Release|Any CPU.ActiveCfg = Release|Any CPU
		{E786F4A3-EAEF-4C11-A7D3-CB7ACCF22AC0}.Release|Any CPU.Build.0 = Release|Any CPU
		{D03EC61A-D55B-4E81-839B-46F266BAC853}.Debug|Any CPU.ActiveCfg = Debug|Any CPU
		{D03EC61A-D55B-4E81-839B-46F266BAC853}.Debug|Any CPU.Build.0 = Debug|Any CPU
		{D03EC61A-D55B-4E81-839B-46F266BAC853}.Release|Any CPU.ActiveCfg = Release|Any CPU
		{D03EC61A-D55B-4E81-839B-46F266BAC853}.Release|Any CPU.Build.0 = Release|Any CPU
	EndGlobalSection
	GlobalSection(SolutionProperties) = preSolution
		HideSolutionNode = FALSE
	EndGlobalSection
	GlobalSection(ExtensibilityGlobals) = postSolution
		SolutionGuid = {1AE947F9-B169-4F5B-BE21-36B64C20B430}
	EndGlobalSection
EndGlobal
